
Microsoft Visual Studio Solution File, Format Version 12.00
# Visual Studio Version 16
VisualStudioVersion = 16.0.30002.166
MinimumVisualStudioVersion = 10.0.40219.1
Project("{9A19103F-16F7-4668-BE54-9A1E7A4F7556}") = "BackOfficeMiniProjectCross", "BackOfficeMiniProjectCross\BackOfficeMiniProjectCross.csproj", "{8B03D932-6935-451F-AB7B-25551A03AF78}"
EndProject
Project("{9A19103F-16F7-4668-BE54-9A1E7A4F7556}") = "BackOfficeMiniProject.DataAccess.DataModels", "BackOfficeMiniProject.DataAcces.DataModels\BackOfficeMiniProject.DataAccess.DataModels.csproj", "{4540E9CC-DECF-46A2-9AF7-B4E1ACF5E7D6}"
EndProject
Project("{9A19103F-16F7-4668-BE54-9A1E7A4F7556}") = "BackOfficeMiniProject.DataAccess.Database", "BackOfficeMiniProject.DataAccess.Database\BackOfficeMiniProject.DataAccess.Database.csproj", "{BD887160-46DE-488D-A33D-6227D903579C}"
EndProject
Project("{2150E333-8FDC-42A3-9474-1A3956D46DE8}") = "Solution Items", "Solution Items", "{8FD6E840-D436-4F76-B850-337FBA5F0619}"
EndProject
Project("{9A19103F-16F7-4668-BE54-9A1E7A4F7556}") = "BackOfficeMiniProject.Cache", "BackOfficeMiniProject.Cache\BackOfficeMiniProject.Cache.csproj", "{F745F296-D7DC-4F6F-8DA2-73BA445A906C}"
EndProject
Project("{9A19103F-16F7-4668-BE54-9A1E7A4F7556}") = "BackOfficeMiniProject.DataAccess.Repository", "BackOfficeMiniProject.DataAccess.Repository\BackOfficeMiniProject.DataAccess.Repository.csproj", "{7B905DA4-1829-454C-A785-16932E1BA4B0}"
EndProject
Project("{9A19103F-16F7-4668-BE54-9A1E7A4F7556}") = "BackOfficeMiniProject.Reports", "BackOfficeMiniProject.Reports\BackOfficeMiniProject.Reports.csproj", "{36AAA828-15EE-496F-B302-402F267AAB7E}"
EndProject
Project("{9A19103F-16F7-4668-BE54-9A1E7A4F7556}") = "BackOfficeMiniProject.DataAccess.Database.Test", "BackOfficeMiniProject.DataAccess.Database.Test\BackOfficeMiniProject.DataAccess.Database.Test.csproj", "{B2A6EDE7-507D-4C31-AE21-0B37D4F0E4FB}"
EndProject
Global
	GlobalSection(SolutionConfigurationPlatforms) = preSolution
		Debug|Any CPU = Debug|Any CPU
		Release|Any CPU = Release|Any CPU
	EndGlobalSection
	GlobalSection(ProjectConfigurationPlatforms) = postSolution
		{8B03D932-6935-451F-AB7B-25551A03AF78}.Debug|Any CPU.ActiveCfg = Debug|Any CPU
		{8B03D932-6935-451F-AB7B-25551A03AF78}.Debug|Any CPU.Build.0 = Debug|Any CPU
		{8B03D932-6935-451F-AB7B-25551A03AF78}.Release|Any CPU.ActiveCfg = Release|Any CPU
		{8B03D932-6935-451F-AB7B-25551A03AF78}.Release|Any CPU.Build.0 = Release|Any CPU
		{4540E9CC-DECF-46A2-9AF7-B4E1ACF5E7D6}.Debug|Any CPU.ActiveCfg = Debug|Any CPU
		{4540E9CC-DECF-46A2-9AF7-B4E1ACF5E7D6}.Debug|Any CPU.Build.0 = Debug|Any CPU
		{4540E9CC-DECF-46A2-9AF7-B4E1ACF5E7D6}.Release|Any CPU.ActiveCfg = Release|Any CPU
		{4540E9CC-DECF-46A2-9AF7-B4E1ACF5E7D6}.Release|Any CPU.Build.0 = Release|Any CPU
		{BD887160-46DE-488D-A33D-6227D903579C}.Debug|Any CPU.ActiveCfg = Debug|Any CPU
		{BD887160-46DE-488D-A33D-6227D903579C}.Debug|Any CPU.Build.0 = Debug|Any CPU
		{BD887160-46DE-488D-A33D-6227D903579C}.Release|Any CPU.ActiveCfg = Release|Any CPU
		{BD887160-46DE-488D-A33D-6227D903579C}.Release|Any CPU.Build.0 = Release|Any CPU
		{F745F296-D7DC-4F6F-8DA2-73BA445A906C}.Debug|Any CPU.ActiveCfg = Debug|Any CPU
		{F745F296-D7DC-4F6F-8DA2-73BA445A906C}.Debug|Any CPU.Build.0 = Debug|Any CPU
		{F745F296-D7DC-4F6F-8DA2-73BA445A906C}.Release|Any CPU.ActiveCfg = Release|Any CPU
		{F745F296-D7DC-4F6F-8DA2-73BA445A906C}.Release|Any CPU.Build.0 = Release|Any CPU
		{7B905DA4-1829-454C-A785-16932E1BA4B0}.Debug|Any CPU.ActiveCfg = Debug|Any CPU
		{7B905DA4-1829-454C-A785-16932E1BA4B0}.Debug|Any CPU.Build.0 = Debug|Any CPU
		{7B905DA4-1829-454C-A785-16932E1BA4B0}.Release|Any CPU.ActiveCfg = Release|Any CPU
		{7B905DA4-1829-454C-A785-16932E1BA4B0}.Release|Any CPU.Build.0 = Release|Any CPU
		{36AAA828-15EE-496F-B302-402F267AAB7E}.Debug|Any CPU.ActiveCfg = Debug|Any CPU
		{36AAA828-15EE-496F-B302-402F267AAB7E}.Debug|Any CPU.Build.0 = Debug|Any CPU
		{36AAA828-15EE-496F-B302-402F267AAB7E}.Release|Any CPU.ActiveCfg = Release|Any CPU
		{36AAA828-15EE-496F-B302-402F267AAB7E}.Release|Any CPU.Build.0 = Release|Any CPU
		{B2A6EDE7-507D-4C31-AE21-0B37D4F0E4FB}.Debug|Any CPU.ActiveCfg = Debug|Any CPU
		{B2A6EDE7-507D-4C31-AE21-0B37D4F0E4FB}.Debug|Any CPU.Build.0 = Debug|Any CPU
		{B2A6EDE7-507D-4C31-AE21-0B37D4F0E4FB}.Release|Any CPU.ActiveCfg = Release|Any CPU
		{B2A6EDE7-507D-4C31-AE21-0B37D4F0E4FB}.Release|Any CPU.Build.0 = Release|Any CPU
	EndGlobalSection
	GlobalSection(SolutionProperties) = preSolution
		HideSolutionNode = FALSE
	EndGlobalSection
	GlobalSection(ExtensibilityGlobals) = postSolution
		SolutionGuid = {58F39558-BE1C-40A9-801B-EA7840B8E40D}
	EndGlobalSection
EndGlobal
